
Microsoft Visual Studio Solution File, Format Version 12.00
# Visual Studio 15
VisualStudioVersion = 15.0.37506.8
MinimumVisualStudioVersion = 10.0.40219.1
Project("{8BC9CEB8-8B4A-11D0-8D11-00A0C91BC942}") = "day8", "day8\day8.vcxproj", "{8CED743E-0C62-4818-AF14-FBA9DED5C8C0}"
EndProject
Global
	GlobalSection(SolutionConfigurationPlatforms) = preSolution
		Debug|x64 = Debug|x64
		Debug|x86 = Debug|x86
		Release|x64 = Release|x64
		Release|x86 = Release|x86
	EndGlobalSection
	GlobalSection(ProjectConfigurationPlatforms) = postSolution
		{8CED743E-0C62-4818-AF14-FBA9DED5C8C0}.Debug|x64.ActiveCfg = Debug|x64
		{8CED743E-0C62-4818-AF14-FBA9DED5C8C0}.Debug|x64.Build.0 = Debug|x64
		{8CED743E-0C62-4818-AF14-FBA9DED5C8C0}.Debug|x86.ActiveCfg = Debug|Win32
		{8CED743E-0C62-4818-AF14-FBA9DED5C8C0}.Debug|x86.Build.0 = Debug|Win32
		{8CED743E-0C62-4818-AF14-FBA9DED5C8C0}.Release|x64.ActiveCfg = Release|x64
		{8CED743E-0C62-4818-AF14-FBA9DED5C8C0}.Release|x64.Build.0 = Release|x64
		{8CED743E-0C62-4818-AF14-FBA9DED5C8C0}.Release|x86.ActiveCfg = Release|Win32
		{8CED743E-0C62-4818-AF14-FBA9DED5C8C0}.Release|x86.Build.0 = Release|Win32
	EndGlobalSection
	GlobalSection(SolutionProperties) = preSolution
		HideSolutionNode = FALSE
	EndGlobalSection
	GlobalSection(ExtensibilityGlobals) = postSolution
		SolutionGuid = {84DE89D9-FF0F-40A7-8F48-C99CF6C57778}
	EndGlobalSection
EndGlobal
