<?xml version="1.0" encoding="utf-8"?>
<Project ToolsVersion="4.0" xmlns="http://schemas.microsoft.com/developer/msbuild/2003">
  <ItemGroup>
    <Filter Include="源文件">
      <UniqueIdentifier>{4FC737F1-C7A5-4376-A066-2A32D752A2FF}</UniqueIdentifier>
      <Extensions>cpp;c;cc;cxx;def;odl;idl;hpj;bat;asm;asmx</Extensions>
    </Filter>
    <Filter Include="头文件">
      <UniqueIdentifier>{93995380-89BD-4b04-88EB-625FBE52EBFB}</UniqueIdentifier>
      <Extensions>h;hh;hpp;hxx;hm;inl;inc;ipp;xsd</Extensions>
    </Filter>
    <Filter Include="资源文件">
      <UniqueIdentifier>{67DA6AB6-F800-4c08-8B7A-83BB121AAD01}</UniqueIdentifier>
      <Extensions>rc;ico;cur;bmp;dlg;rc2;rct;bin;rgs;gif;jpg;jpeg;jpe;resx;tiff;tif;png;wav;mfcribbon-ms</Extensions>
    </Filter>
    <Filter Include="源文件\异常">
      <UniqueIdentifier>{284074f2-395e-4d4e-82f0-f9d2cc399e73}</UniqueIdentifier>
    </Filter>
    <Filter Include="源文件\shared_ptr">
      <UniqueIdentifier>{9f2286a6-2fae-4e37-bfb4-9121ec83adb9}</UniqueIdentifier>
    </Filter>
    <Filter Include="源文件\weak_ptr">
      <UniqueIdentifier>{1b07aafd-142e-4dd0-9435-5ec418c35613}</UniqueIdentifier>
    </Filter>
  </ItemGroup>
  <ItemGroup>
    <ClCompile Include="手动抛出异常.cpp">
      <Filter>源文件\异常</Filter>
    </ClCompile>
    <ClCompile Include="捕获异常.cpp">
      <Filter>源文件\异常</Filter>
    </ClCompile>
    <ClCompile Include="自定义异常.cpp">
      <Filter>源文件\异常</Filter>
    </ClCompile>
    <ClCompile Include="捕获基类异常.cpp">
      <Filter>源文件\异常</Filter>
    </ClCompile>
    <ClCompile Include="多重捕获.cpp">
      <Filter>源文件\异常</Filter>
    </ClCompile>
    <ClCompile Include="初始化的方式.cpp">
      <Filter>源文件\shared_ptr</Filter>
    </ClCompile>
    <ClCompile Include="引用计数.cpp">
      <Filter>源文件\shared_ptr</Filter>
    </ClCompile>
    <ClCompile Include="shared_ptr的操作函数.cpp">
      <Filter>源文件\shared_ptr</Filter>
    </ClCompile>
    <ClCompile Include="weakptr1.cpp">
      <Filter>源文件\weak_ptr</Filter>
    </ClCompile>
    <ClCompile Include="lock获得sharedptr.cpp">
      <Filter>源文件\weak_ptr</Filter>
    </ClCompile>
    <ClCompile Include="检查资源是否失效.cpp">
      <Filter>源文件\weak_ptr</Filter>
    </ClCompile>
    <ClCompile Include="循环引用问题.cpp">
      <Filter>源文件</Filter>
    </ClCompile>
    <ClCompile Include="noexcept.cpp">
      <Filter>源文件</Filter>
    </ClCompile>
    <ClCompile Include="杂项.cpp">
      <Filter>源文件</Filter>
    </ClCompile>
  </ItemGroup>
  <ItemGroup>
    <None Include="const_cast类型转化.md">
      <Filter>源文件</Filter>
    </None>
    <None Include="static_cast类型转化.md">
      <Filter>源文件</Filter>
    </None>
    <None Include="reinterpret_cast类型转化.md">
      <Filter>源文件</Filter>
    </None>
    <None Include="dynamic_cast类型转化.cpp">
      <Filter>源文件</Filter>
    </None>
  </ItemGroup>
</Project>